// !$*UTF8*$!
{
	archiveVersion = 1;
	classes = {
	};
	objectVersion = 56;
	objects = {

/* Begin PBXFileReference section */
		F50416842DC3319B00F29FAC /* play_asr.sh */ = {isa = PBXFileReference; lastKnownFileType = text.script.sh; path = play_asr.sh; sourceTree = "<group>"; };
		F50416852DC3319B00F29FAC /* play_fajr.sh */ = {isa = PBXFileReference; lastKnownFileType = text.script.sh; path = play_fajr.sh; sourceTree = "<group>"; };
		F50416862DC3319B00F29FAC /* play_isha.sh */ = {isa = PBXFileReference; lastKnownFileType = text.script.sh; path = play_isha.sh; sourceTree = "<group>"; };
		F50416872DC3319B00F29FAC /* play_maghrib.sh */ = {isa = PBXFileReference; lastKnownFileType = text.script.sh; path = play_maghrib.sh; sourceTree = "<group>"; };
		F50416882DC3319B00F29FAC /* play_shuruq.sh */ = {isa = PBXFileReference; lastKnownFileType = text.script.sh; path = play_shuruq.sh; sourceTree = "<group>"; };
		F50416892DC3319B00F29FAC /* play_zuhr.sh */ = {isa = PBXFileReference; lastKnownFileType = text.script.sh; path = play_zuhr.sh; sourceTree = "<group>"; };
		F54FB65A2B8AF30A00CED7E0 /* athan_times.py */ = {isa = PBXFileReference; lastKnownFileType = text.script.python; path = athan_times.py; sourceTree = "<group>"; };
		F54FB65B2B8AF30A00CED7E0 /* azan13.mp3 */ = {isa = PBXFileReference; lastKnownFileType = audio.mp3; path = azan13.mp3; sourceTree = "<group>"; };
		F54FB65C2B8AF30A00CED7E0 /* azan3.mp3 */ = {isa = PBXFileReference; lastKnownFileType = audio.mp3; path = azan3.mp3; sourceTree = "<group>"; };
		F54FB65D2B8AF30A00CED7E0 /* LICENSE */ = {isa = PBXFileReference; lastKnownFileType = text; path = LICENSE; sourceTree = "<group>"; };
		F54FB65E2B8AF30A00CED7E0 /* README.md */ = {isa = PBXFileReference; lastKnownFileType = net.daringfireball.markdown; path = README.md; sourceTree = "<group>"; };
		F54FB65F2B8B035F00CED7E0 /* azan1.mp3 */ = {isa = PBXFileReference; lastKnownFileType = audio.mp3; path = azan1.mp3; sourceTree = "<group>"; };
		F54FB6602B8B084900CED7E0 /* alert1.wav */ = {isa = PBXFileReference; lastKnownFileType = audio.wav; path = alert1.wav; sourceTree = "<group>"; };
		F54FB6612B8BDF6C00CED7E0 /* azan10.mp3 */ = {isa = PBXFileReference; lastKnownFileType = audio.mp3; path = azan10.mp3; sourceTree = "<group>"; };
		F54FB6622B8BDF6C00CED7E0 /* azan4.mp3 */ = {isa = PBXFileReference; lastKnownFileType = audio.mp3; path = azan4.mp3; sourceTree = "<group>"; };
		F54FB6632B8BE39600CED7E0 /* stop */ = {isa = PBXFileReference; lastKnownFileType = text; path = stop; sourceTree = "<group>"; };
		F54FB6642B8BE46F00CED7E0 /* athan_schedule */ = {isa = PBXFileReference; lastKnownFileType = text.script.sh; path = athan_schedule; sourceTree = "<group>"; };
		F54FB6652B8C041A00CED7E0 /* athan_schedule.py */ = {isa = PBXFileReference; lastKnownFileType = text.script.python; path = athan_schedule.py; sourceTree = "<group>"; };
		F5B06C912B92CD7F00BB2AB1 /* alert3.wav */ = {isa = PBXFileReference; lastKnownFileType = audio.wav; path = alert3.wav; sourceTree = "<group>"; };
		F5F1BDB22B8C065A0085B755 /* athan_times */ = {isa = PBXFileReference; lastKnownFileType = text.script.sh; path = athan_times; sourceTree = "<group>"; };
		F5F1BDB32B8C0D730085B755 /* location.py */ = {isa = PBXFileReference; lastKnownFileType = text.script.python; path = location.py; sourceTree = "<group>"; };
		F5F1BDB42B8CDB6E0085B755 /* hijri_date.py */ = {isa = PBXFileReference; lastKnownFileType = text.script.python; path = hijri_date.py; sourceTree = "<group>"; };
		F5F1BDB52B8D53800085B755 /* alert2.wav */ = {isa = PBXFileReference; lastKnownFileType = audio.wav; path = alert2.wav; sourceTree = "<group>"; };
		F5FEA94E2DB3EB9F0002E383 /* athan_schedule_ld.py */ = {isa = PBXFileReference; lastKnownFileType = text.script.python; path = athan_schedule_ld.py; sourceTree = "<group>"; };
/* End PBXFileReference section */

/* Begin PBXGroup section */
		F54FB6532B8AF2D100CED7E0 = {
			isa = PBXGroup;
			children = (
				F54FB65E2B8AF30A00CED7E0 /* README.md */,
				F5F1BDB22B8C065A0085B755 /* athan_times */,
				F54FB6642B8BE46F00CED7E0 /* athan_schedule */,
				F54FB65A2B8AF30A00CED7E0 /* athan_times.py */,
				F5F1BDB42B8CDB6E0085B755 /* hijri_date.py */,
				F5F1BDB32B8C0D730085B755 /* location.py */,
				F54FB6652B8C041A00CED7E0 /* athan_schedule.py */,
				F5FEA94E2DB3EB9F0002E383 /* athan_schedule_ld.py */,
				F50416842DC3319B00F29FAC /* play_asr.sh */,
				F50416852DC3319B00F29FAC /* play_fajr.sh */,
				F50416862DC3319B00F29FAC /* play_isha.sh */,
				F50416872DC3319B00F29FAC /* play_maghrib.sh */,
				F50416882DC3319B00F29FAC /* play_shuruq.sh */,
				F50416892DC3319B00F29FAC /* play_zuhr.sh */,
				F54FB6632B8BE39600CED7E0 /* stop */,
				F54FB6622B8BDF6C00CED7E0 /* azan4.mp3 */,
				F54FB6612B8BDF6C00CED7E0 /* azan10.mp3 */,
				F54FB6602B8B084900CED7E0 /* alert1.wav */,
				F5F1BDB52B8D53800085B755 /* alert2.wav */,
				F5B06C912B92CD7F00BB2AB1 /* alert3.wav */,
				F54FB65F2B8B035F00CED7E0 /* azan1.mp3 */,
				F54FB65C2B8AF30A00CED7E0 /* azan3.mp3 */,
				F54FB65B2B8AF30A00CED7E0 /* azan13.mp3 */,
				F54FB65D2B8AF30A00CED7E0 /* LICENSE */,
			);
			sourceTree = "<group>";
		};
/* End PBXGroup section */

/* Begin PBXProject section */
		F54FB6542B8AF2D100CED7E0 /* Project object */ = {
			isa = PBXProject;
			attributes = {
				BuildIndependentTargetsInParallel = 1;
				LastUpgradeCheck = 1520;
			};
			buildConfigurationList = F54FB6572B8AF2D100CED7E0 /* Build configuration list for PBXProject "athan" */;
			compatibilityVersion = "Xcode 14.0";
			developmentRegion = en;
			hasScannedForEncodings = 0;
			knownRegions = (
				en,
				Base,
			);
			mainGroup = F54FB6532B8AF2D100CED7E0;
			projectDirPath = "";
			projectRoot = "";
			targets = (
			);
		};
/* End PBXProject section */

/* Begin XCBuildConfiguration section */
		F54FB6582B8AF2D100CED7E0 /* Debug */ = {
			isa = XCBuildConfiguration;
			buildSettings = {
			};
			name = Debug;
		};
		F54FB6592B8AF2D100CED7E0 /* Release */ = {
			isa = XCBuildConfiguration;
			buildSettings = {
			};
			name = Release;
		};
/* End XCBuildConfiguration section */

/* Begin XCConfigurationList section */
		F54FB6572B8AF2D100CED7E0 /* Build configuration list for PBXProject "athan" */ = {
			isa = XCConfigurationList;
			buildConfigurations = (
				F54FB6582B8AF2D100CED7E0 /* Debug */,
				F54FB6592B8AF2D100CED7E0 /* Release */,
			);
			defaultConfigurationIsVisible = 0;
			defaultConfigurationName = Release;
		};
/* End XCConfigurationList section */
	};
	rootObject = F54FB6542B8AF2D100CED7E0 /* Project object */;
}
