// !$*UTF8*$!
{
	archiveVersion = 1;
	classes = {
	};
	objectVersion = 56;
	objects = {

/* Begin PBXFileReference section */
		F54FB65A2B8AF30A00CED7E0 /* athan-times.py */ = {isa = PBXFileReference; lastKnownFileType = text.script.python; path = "athan-times.py"; sourceTree = "<group>"; };
		F54FB65B2B8AF30A00CED7E0 /* azan13.mp3 */ = {isa = PBXFileReference; lastKnownFileType = audio.mp3; path = azan13.mp3; sourceTree = "<group>"; };
		F54FB65C2B8AF30A00CED7E0 /* azan3.mp3 */ = {isa = PBXFileReference; lastKnownFileType = audio.mp3; path = azan3.mp3; sourceTree = "<group>"; };
		F54FB65D2B8AF30A00CED7E0 /* LICENSE */ = {isa = PBXFileReference; lastKnownFileType = text; path = LICENSE; sourceTree = "<group>"; };
		F54FB65E2B8AF30A00CED7E0 /* README.md */ = {isa = PBXFileReference; lastKnownFileType = net.daringfireball.markdown; path = README.md; sourceTree = "<group>"; };
		F54FB65F2B8B035F00CED7E0 /* azan1.mp3 */ = {isa = PBXFileReference; lastKnownFileType = audio.mp3; path = azan1.mp3; sourceTree = "<group>"; };
		F54FB6602B8B084900CED7E0 /* alert1.wav */ = {isa = PBXFileReference; lastKnownFileType = audio.wav; path = alert1.wav; sourceTree = "<group>"; };
		F54FB6612B8BDF6C00CED7E0 /* azan10.mp3 */ = {isa = PBXFileReference; lastKnownFileType = audio.mp3; path = azan10.mp3; sourceTree = "<group>"; };
		F54FB6622B8BDF6C00CED7E0 /* azan4.mp3 */ = {isa = PBXFileReference; lastKnownFileType = audio.mp3; path = azan4.mp3; sourceTree = "<group>"; };
/* End PBXFileReference section */

/* Begin PBXGroup section */
		F54FB6532B8AF2D100CED7E0 = {
			isa = PBXGroup;
			children = (
				F54FB65A2B8AF30A00CED7E0 /* athan-times.py */,
				F54FB6622B8BDF6C00CED7E0 /* azan4.mp3 */,
				F54FB6612B8BDF6C00CED7E0 /* azan10.mp3 */,
				F54FB6602B8B084900CED7E0 /* alert1.wav */,
				F54FB65F2B8B035F00CED7E0 /* azan1.mp3 */,
				F54FB65C2B8AF30A00CED7E0 /* azan3.mp3 */,
				F54FB65B2B8AF30A00CED7E0 /* azan13.mp3 */,
				F54FB65D2B8AF30A00CED7E0 /* LICENSE */,
				F54FB65E2B8AF30A00CED7E0 /* README.md */,
			);
			sourceTree = "<group>";
		};
/* End PBXGroup section */

/* Begin PBXProject section */
		F54FB6542B8AF2D100CED7E0 /* Project object */ = {
			isa = PBXProject;
			attributes = {
				BuildIndependentTargetsInParallel = 1;
				LastUpgradeCheck = 1520;
			};
			buildConfigurationList = F54FB6572B8AF2D100CED7E0 /* Build configuration list for PBXProject "athan" */;
			compatibilityVersion = "Xcode 14.0";
			developmentRegion = en;
			hasScannedForEncodings = 0;
			knownRegions = (
				en,
				Base,
			);
			mainGroup = F54FB6532B8AF2D100CED7E0;
			projectDirPath = "";
			projectRoot = "";
			targets = (
			);
		};
/* End PBXProject section */

/* Begin XCBuildConfiguration section */
		F54FB6582B8AF2D100CED7E0 /* Debug */ = {
			isa = XCBuildConfiguration;
			buildSettings = {
			};
			name = Debug;
		};
		F54FB6592B8AF2D100CED7E0 /* Release */ = {
			isa = XCBuildConfiguration;
			buildSettings = {
			};
			name = Release;
		};
/* End XCBuildConfiguration section */

/* Begin XCConfigurationList section */
		F54FB6572B8AF2D100CED7E0 /* Build configuration list for PBXProject "athan" */ = {
			isa = XCConfigurationList;
			buildConfigurations = (
				F54FB6582B8AF2D100CED7E0 /* Debug */,
				F54FB6592B8AF2D100CED7E0 /* Release */,
			);
			defaultConfigurationIsVisible = 0;
			defaultConfigurationName = Release;
		};
/* End XCConfigurationList section */
	};
	rootObject = F54FB6542B8AF2D100CED7E0 /* Project object */;
}
